
Microsoft Visual Studio Solution File, Format Version 12.00
# Visual Studio Version 16
VisualStudioVersion = 16.0.32106.194
MinimumVisualStudioVersion = 10.0.40219.1
Project("{FAE04EC0-301F-11D3-BF4B-00C04F79EFBC}") = "XMLValidator", "XMLValidator\XMLValidator.csproj", "{AD1098DC-18D8-4F55-81A8-14F31E14A68C}"
EndProject
Global
	GlobalSection(SolutionConfigurationPlatforms) = preSolution
		Debug|Any CPU = Debug|Any CPU
		Release|Any CPU = Release|Any CPU
	EndGlobalSection
	GlobalSection(ProjectConfigurationPlatforms) = postSolution
		{AD1098DC-18D8-4F55-81A8-14F31E14A68C}.Debug|Any CPU.ActiveCfg = Debug|Any CPU
		{AD1098DC-18D8-4F55-81A8-14F31E14A68C}.Debug|Any CPU.Build.0 = Debug|Any CPU
		{AD1098DC-18D8-4F55-81A8-14F31E14A68C}.Release|Any CPU.ActiveCfg = Release|Any CPU
		{AD1098DC-18D8-4F55-81A8-14F31E14A68C}.Release|Any CPU.Build.0 = Release|Any CPU
	EndGlobalSection
	GlobalSection(SolutionProperties) = preSolution
		HideSolutionNode = FALSE
	EndGlobalSection
	GlobalSection(ExtensibilityGlobals) = postSolution
		SolutionGuid = {2185BD46-8CB1-46C9-A20A-3A5857ADE3EE}
	EndGlobalSection
EndGlobal
